
Microsoft Visual Studio Solution File, Format Version 12.00
# Visual Studio Version 17
VisualStudioVersion = 17.4.33213.308
MinimumVisualStudioVersion = 10.0.40219.1
Project("{9A19103F-16F7-4668-BE54-9A1E7A4F7556}") = "Client", "lines\Client.csproj", "{C730A7AA-D23E-4CCA-8F12-C1CDCF369562}"
EndProject
Project("{9A19103F-16F7-4668-BE54-9A1E7A4F7556}") = "IdentityServer", "IdentityServer\IdentityServer.csproj", "{86352FE5-BDCF-4BA9-9F79-E7D86695E3FB}"
EndProject
Project("{9A19103F-16F7-4668-BE54-9A1E7A4F7556}") = "Api", "ApiLines\Api.csproj", "{8A934CF3-49B1-466C-9C10-B325C30F89E8}"
EndProject
Global
	GlobalSection(SolutionConfigurationPlatforms) = preSolution
		Debug|Any CPU = Debug|Any CPU
		Release|Any CPU = Release|Any CPU
	EndGlobalSection
	GlobalSection(ProjectConfigurationPlatforms) = postSolution
		{C730A7AA-D23E-4CCA-8F12-C1CDCF369562}.Debug|Any CPU.ActiveCfg = Debug|Any CPU
		{C730A7AA-D23E-4CCA-8F12-C1CDCF369562}.Debug|Any CPU.Build.0 = Debug|Any CPU
		{C730A7AA-D23E-4CCA-8F12-C1CDCF369562}.Release|Any CPU.ActiveCfg = Release|Any CPU
		{C730A7AA-D23E-4CCA-8F12-C1CDCF369562}.Release|Any CPU.Build.0 = Release|Any CPU
		{86352FE5-BDCF-4BA9-9F79-E7D86695E3FB}.Debug|Any CPU.ActiveCfg = Debug|Any CPU
		{86352FE5-BDCF-4BA9-9F79-E7D86695E3FB}.Debug|Any CPU.Build.0 = Debug|Any CPU
		{86352FE5-BDCF-4BA9-9F79-E7D86695E3FB}.Release|Any CPU.ActiveCfg = Release|Any CPU
		{86352FE5-BDCF-4BA9-9F79-E7D86695E3FB}.Release|Any CPU.Build.0 = Release|Any CPU
		{8A934CF3-49B1-466C-9C10-B325C30F89E8}.Debug|Any CPU.ActiveCfg = Debug|Any CPU
		{8A934CF3-49B1-466C-9C10-B325C30F89E8}.Debug|Any CPU.Build.0 = Debug|Any CPU
		{8A934CF3-49B1-466C-9C10-B325C30F89E8}.Release|Any CPU.ActiveCfg = Release|Any CPU
		{8A934CF3-49B1-466C-9C10-B325C30F89E8}.Release|Any CPU.Build.0 = Release|Any CPU
	EndGlobalSection
	GlobalSection(SolutionProperties) = preSolution
		HideSolutionNode = FALSE
	EndGlobalSection
	GlobalSection(ExtensibilityGlobals) = postSolution
		SolutionGuid = {271ECECF-845C-4873-9825-D4F6245ABB1D}
	EndGlobalSection
EndGlobal
